
Microsoft Visual Studio Solution File, Format Version 12.00
# Visual Studio Version 17
VisualStudioVersion = 17.5.33516.290
MinimumVisualStudioVersion = 10.0.40219.1
Project("{9A19103F-16F7-4668-BE54-9A1E7A4F7556}") = "SoccerPrediction", "Testing\SoccerPrediction.csproj", "{55251C80-8F31-4FEF-9F0E-FFFCF751F378}"
EndProject
Global
	GlobalSection(SolutionConfigurationPlatforms) = preSolution
		Debug|Any CPU = Debug|Any CPU
		Release|Any CPU = Release|Any CPU
	EndGlobalSection
	GlobalSection(ProjectConfigurationPlatforms) = postSolution
		{55251C80-8F31-4FEF-9F0E-FFFCF751F378}.Debug|Any CPU.ActiveCfg = Debug|Any CPU
		{55251C80-8F31-4FEF-9F0E-FFFCF751F378}.Debug|Any CPU.Build.0 = Debug|Any CPU
		{55251C80-8F31-4FEF-9F0E-FFFCF751F378}.Release|Any CPU.ActiveCfg = Release|Any CPU
		{55251C80-8F31-4FEF-9F0E-FFFCF751F378}.Release|Any CPU.Build.0 = Release|Any CPU
	EndGlobalSection
	GlobalSection(SolutionProperties) = preSolution
		HideSolutionNode = FALSE
	EndGlobalSection
	GlobalSection(ExtensibilityGlobals) = postSolution
		SolutionGuid = {4372DB16-61C4-4401-8D6E-897D01C2956F}
	EndGlobalSection
EndGlobal
